
Microsoft Visual Studio Solution File, Format Version 12.00
# Visual Studio Version 16
VisualStudioVersion = 16.0.30907.101
MinimumVisualStudioVersion = 10.0.40219.1
Project("{9A19103F-16F7-4668-BE54-9A1E7A4F7556}") = "MadEasy", "MadEasy\MadEasy.csproj", "{E9BA9708-38B4-4916-B499-6054F3522BA5}"
EndProject
Global
	GlobalSection(SolutionConfigurationPlatforms) = preSolution
		Debug|Any CPU = Debug|Any CPU
		Release|Any CPU = Release|Any CPU
	EndGlobalSection
	GlobalSection(ProjectConfigurationPlatforms) = postSolution
		{E9BA9708-38B4-4916-B499-6054F3522BA5}.Debug|Any CPU.ActiveCfg = Debug|Any CPU
		{E9BA9708-38B4-4916-B499-6054F3522BA5}.Debug|Any CPU.Build.0 = Debug|Any CPU
		{E9BA9708-38B4-4916-B499-6054F3522BA5}.Release|Any CPU.ActiveCfg = Release|Any CPU
		{E9BA9708-38B4-4916-B499-6054F3522BA5}.Release|Any CPU.Build.0 = Release|Any CPU
	EndGlobalSection
	GlobalSection(SolutionProperties) = preSolution
		HideSolutionNode = FALSE
	EndGlobalSection
	GlobalSection(ExtensibilityGlobals) = postSolution
		SolutionGuid = {6BF52826-D266-4996-B765-8F9473528E9F}
	EndGlobalSection
EndGlobal
